Microsoft Visual Studio Solution File, Format Version 12.00
# Visual Studio Version 17
VisualStudioVersion = 17.5.2.0
MinimumVisualStudioVersion = 10.0.40219.1
Project("{FAE04EC0-301F-11D3-BF4B-00C04F79EFBC}") = "Module7GroupProject", "Module7GroupProject\Module7GroupProject.csproj", "{4CDCA98F-25A3-0E56-9EB7-0FB973DA6322}"
EndProject
Global
	GlobalSection(SolutionConfigurationPlatforms) = preSolution
		Debug|Any CPU = Debug|Any CPU
		Release|Any CPU = Release|Any CPU
	EndGlobalSection
	GlobalSection(ProjectConfigurationPlatforms) = postSolution
		{4CDCA98F-25A3-0E56-9EB7-0FB973DA6322}.Debug|Any CPU.ActiveCfg = Debug|Any CPU
		{4CDCA98F-25A3-0E56-9EB7-0FB973DA6322}.Debug|Any CPU.Build.0 = Debug|Any CPU
		{4CDCA98F-25A3-0E56-9EB7-0FB973DA6322}.Release|Any CPU.ActiveCfg = Release|Any CPU
		{4CDCA98F-25A3-0E56-9EB7-0FB973DA6322}.Release|Any CPU.Build.0 = Release|Any CPU
	EndGlobalSection
	GlobalSection(SolutionProperties) = preSolution
		HideSolutionNode = FALSE
	EndGlobalSection
	GlobalSection(ExtensibilityGlobals) = postSolution
		SolutionGuid = {2761E6D9-9A3E-4FCC-977D-4E4BB2BB6A11}
	EndGlobalSection
EndGlobal
